
Microsoft Visual Studio Solution File, Format Version 12.00
# Visual Studio Version 17
VisualStudioVersion = 17.14.36705.20 d17.14
MinimumVisualStudioVersion = 10.0.40219.1
Project("{FAE04EC0-301F-11D3-BF4B-00C04F79EFBC}") = "WPF-SQLITE", "WPF-SQLITE\WPF-SQLITE.csproj", "{30C44A3A-899C-407B-B698-A6E69D300DDF}"
EndProject
Global
	GlobalSection(SolutionConfigurationPlatforms) = preSolution
		Debug|Any CPU = Debug|Any CPU
		Release|Any CPU = Release|Any CPU
	EndGlobalSection
	GlobalSection(ProjectConfigurationPlatforms) = postSolution
		{30C44A3A-899C-407B-B698-A6E69D300DDF}.Debug|Any CPU.ActiveCfg = Debug|Any CPU
		{30C44A3A-899C-407B-B698-A6E69D300DDF}.Debug|Any CPU.Build.0 = Debug|Any CPU
		{30C44A3A-899C-407B-B698-A6E69D300DDF}.Release|Any CPU.ActiveCfg = Release|Any CPU
		{30C44A3A-899C-407B-B698-A6E69D300DDF}.Release|Any CPU.Build.0 = Release|Any CPU
	EndGlobalSection
	GlobalSection(SolutionProperties) = preSolution
		HideSolutionNode = FALSE
	EndGlobalSection
	GlobalSection(ExtensibilityGlobals) = postSolution
		SolutionGuid = {A33FC68C-2691-464C-8FFD-289A7F111E21}
	EndGlobalSection
EndGlobal
